
Microsoft Visual Studio Solution File, Format Version 12.00
Project("{FAE04EC0-301F-11D3-BF4B-00C04F79EFBC}") = "MiniHw1", "MiniHw1\MiniHw1.csproj", "{822422BF-9BAA-4B72-9619-B92B69F2B197}"
EndProject
Project("{FAE04EC0-301F-11D3-BF4B-00C04F79EFBC}") = "Tests", "Tests\Tests.csproj", "{4BFFF73D-1564-49F0-B134-BB4CCA80F548}"
EndProject
Global
	GlobalSection(SolutionConfigurationPlatforms) = preSolution
		Debug|Any CPU = Debug|Any CPU
		Release|Any CPU = Release|Any CPU
	EndGlobalSection
	GlobalSection(ProjectConfigurationPlatforms) = postSolution
		{822422BF-9BAA-4B72-9619-B92B69F2B197}.Debug|Any CPU.ActiveCfg = Debug|Any CPU
		{822422BF-9BAA-4B72-9619-B92B69F2B197}.Debug|Any CPU.Build.0 = Debug|Any CPU
		{822422BF-9BAA-4B72-9619-B92B69F2B197}.Release|Any CPU.ActiveCfg = Release|Any CPU
		{822422BF-9BAA-4B72-9619-B92B69F2B197}.Release|Any CPU.Build.0 = Release|Any CPU
		{4BFFF73D-1564-49F0-B134-BB4CCA80F548}.Debug|Any CPU.ActiveCfg = Debug|Any CPU
		{4BFFF73D-1564-49F0-B134-BB4CCA80F548}.Debug|Any CPU.Build.0 = Debug|Any CPU
		{4BFFF73D-1564-49F0-B134-BB4CCA80F548}.Release|Any CPU.ActiveCfg = Release|Any CPU
		{4BFFF73D-1564-49F0-B134-BB4CCA80F548}.Release|Any CPU.Build.0 = Release|Any CPU
	EndGlobalSection
EndGlobal
