
Microsoft Visual Studio Solution File, Format Version 12.00
Project("{FAE04EC0-301F-11D3-BF4B-00C04F79EFBC}") = "HSEBank.Entities", "HSEBank.Entities\HSEBank.Entities.csproj", "{44445336-9AB0-4905-A8C5-56F1419BA325}"
EndProject
Project("{FAE04EC0-301F-11D3-BF4B-00C04F79EFBC}") = "HSEBank.UseCases", "HSEBank.UseCases\HSEBank.UseCases.csproj", "{692B8D51-FF32-45A2-8896-7F3A51A13AC3}"
EndProject
Project("{FAE04EC0-301F-11D3-BF4B-00C04F79EFBC}") = "HSEBank.Infrastructure", "HSEBank.Infrastructure\HSEBank.Infrastructure.csproj", "{34DA0B97-D8FD-4CEA-AF46-171387DD74E2}"
EndProject
Project("{FAE04EC0-301F-11D3-BF4B-00C04F79EFBC}") = "HSEBank.CLI", "HSEBank.CLI\HSEBank.CLI.csproj", "{1F784F73-1444-4CF4-8403-C6A639BC4F13}"
EndProject
Global
	GlobalSection(SolutionConfigurationPlatforms) = preSolution
		Debug|Any CPU = Debug|Any CPU
		Release|Any CPU = Release|Any CPU
	EndGlobalSection
	GlobalSection(ProjectConfigurationPlatforms) = postSolution
		{44445336-9AB0-4905-A8C5-56F1419BA325}.Debug|Any CPU.ActiveCfg = Debug|Any CPU
		{44445336-9AB0-4905-A8C5-56F1419BA325}.Debug|Any CPU.Build.0 = Debug|Any CPU
		{44445336-9AB0-4905-A8C5-56F1419BA325}.Release|Any CPU.ActiveCfg = Release|Any CPU
		{44445336-9AB0-4905-A8C5-56F1419BA325}.Release|Any CPU.Build.0 = Release|Any CPU
		{692B8D51-FF32-45A2-8896-7F3A51A13AC3}.Debug|Any CPU.ActiveCfg = Debug|Any CPU
		{692B8D51-FF32-45A2-8896-7F3A51A13AC3}.Debug|Any CPU.Build.0 = Debug|Any CPU
		{692B8D51-FF32-45A2-8896-7F3A51A13AC3}.Release|Any CPU.ActiveCfg = Release|Any CPU
		{692B8D51-FF32-45A2-8896-7F3A51A13AC3}.Release|Any CPU.Build.0 = Release|Any CPU
		{34DA0B97-D8FD-4CEA-AF46-171387DD74E2}.Debug|Any CPU.ActiveCfg = Debug|Any CPU
		{34DA0B97-D8FD-4CEA-AF46-171387DD74E2}.Debug|Any CPU.Build.0 = Debug|Any CPU
		{34DA0B97-D8FD-4CEA-AF46-171387DD74E2}.Release|Any CPU.ActiveCfg = Release|Any CPU
		{34DA0B97-D8FD-4CEA-AF46-171387DD74E2}.Release|Any CPU.Build.0 = Release|Any CPU
		{1F784F73-1444-4CF4-8403-C6A639BC4F13}.Debug|Any CPU.ActiveCfg = Debug|Any CPU
		{1F784F73-1444-4CF4-8403-C6A639BC4F13}.Debug|Any CPU.Build.0 = Debug|Any CPU
		{1F784F73-1444-4CF4-8403-C6A639BC4F13}.Release|Any CPU.ActiveCfg = Release|Any CPU
		{1F784F73-1444-4CF4-8403-C6A639BC4F13}.Release|Any CPU.Build.0 = Release|Any CPU
	EndGlobalSection
EndGlobal
